// !$*UTF8*$!
{
	archiveVersion = 1;
	classes = {
	};
	objectVersion = 46;
	objects = {

/* Begin PBXBuildFile section */
		2260016B1BCF82AF0065E338 /* main.m in Sources */ = {isa = PBXBuildFile; fileRef = 2260016A1BCF82AF0065E338 /* main.m */; };
		2260016E1BCF82AF0065E338 /* AppDelegate.m in Sources */ = {isa = PBXBuildFile; fileRef = 2260016D1BCF82AF0065E338 /* AppDelegate.m */; };
		226001711BCF82AF0065E338 /* ViewController.m in Sources */ = {isa = PBXBuildFile; fileRef = 226001701BCF82AF0065E338 /* ViewController.m */; };
		226001741BCF82AF0065E338 /* Main.storyboard in Resources */ = {isa = PBXBuildFile; fileRef = 226001721BCF82AF0065E338 /* Main.storyboard */; };
		226001761BCF82AF0065E338 /* Assets.xcassets in Resources */ = {isa = PBXBuildFile; fileRef = 226001751BCF82AF0065E338 /* Assets.xcassets */; };
		226001791BCF82AF0065E338 /* LaunchScreen.storyboard in Resources */ = {isa = PBXBuildFile; fileRef = 226001771BCF82AF0065E338 /* LaunchScreen.storyboard */; };
		226001841BCF82AF0065E338 /* MasonryDemoTests.m in Sources */ = {isa = PBXBuildFile; fileRef = 226001831BCF82AF0065E338 /* MasonryDemoTests.m */; };
		2260018F1BCF82AF0065E338 /* MasonryDemoUITests.m in Sources */ = {isa = PBXBuildFile; fileRef = 2260018E1BCF82AF0065E338 /* MasonryDemoUITests.m */; };
		2260019E1BCF96D10065E338 /* NextViewController.m in Sources */ = {isa = PBXBuildFile; fileRef = 2260019D1BCF96D10065E338 /* NextViewController.m */; settings = {ASSET_TAGS = (); }; };
		226001A11BCFA5610065E338 /* AnotherNextViewController.m in Sources */ = {isa = PBXBuildFile; fileRef = 226001A01BCFA5610065E338 /* AnotherNextViewController.m */; settings = {ASSET_TAGS = (); }; };
		226001A71BCFAFBF0065E338 /* UIView+IsometricView.m in Sources */ = {isa = PBXBuildFile; fileRef = 226001A61BCFAFBF0065E338 /* UIView+IsometricView.m */; settings = {ASSET_TAGS = (); }; };
		8FD954E427B1C29E12414DC3 /* libPods.a in Frameworks */ = {isa = PBXBuildFile; fileRef = E78B4E91EEB58387AE3033BA /* libPods.a */; };
/* End PBXBuildFile section */

/* Begin PBXContainerItemProxy section */
		226001801BCF82AF0065E338 /* PBXContainerItemProxy */ = {
			isa = PBXContainerItemProxy;
			containerPortal = 2260015E1BCF82AF0065E338 /* Project object */;
			proxyType = 1;
			remoteGlobalIDString = 226001651BCF82AF0065E338;
			remoteInfo = MasonryDemo;
		};
		2260018B1BCF82AF0065E338 /* PBXContainerItemProxy */ = {
			isa = PBXContainerItemProxy;
			containerPortal = 2260015E1BCF82AF0065E338 /* Project object */;
			proxyType = 1;
			remoteGlobalIDString = 226001651BCF82AF0065E338;
			remoteInfo = MasonryDemo;
		};
/* End PBXContainerItemProxy section */

/* Begin PBXFileReference section */
		12DD4FBE6F2FAE1099FA0639 /* Pods.debug.xcconfig */ = {isa = PBXFileReference; includeInIndex = 1; lastKnownFileType = text.xcconfig; name = Pods.debug.xcconfig; path = "Pods/Target Support Files/Pods/Pods.debug.xcconfig"; sourceTree = "<group>"; };
		226001661BCF82AF0065E338 /* MasonryDemo.app */ = {isa = PBXFileReference; explicitFileType = wrapper.application; includeInIndex = 0; path = MasonryDemo.app; sourceTree = BUILT_PRODUCTS_DIR; };
		2260016A1BCF82AF0065E338 /* main.m */ = {isa = PBXFileReference; lastKnownFileType = sourcecode.c.objc; path = main.m; sourceTree = "<group>"; };
		2260016C1BCF82AF0065E338 /* AppDelegate.h */ = {isa = PBXFileReference; lastKnownFileType = sourcecode.c.h; path = AppDelegate.h; sourceTree = "<group>"; };
		2260016D1BCF82AF0065E338 /* AppDelegate.m */ = {isa = PBXFileReference; lastKnownFileType = sourcecode.c.objc; path = AppDelegate.m; sourceTree = "<group>"; };
		2260016F1BCF82AF0065E338 /* ViewController.h */ = {isa = PBXFileReference; lastKnownFileType = sourcecode.c.h; path = ViewController.h; sourceTree = "<group>"; };
		226001701BCF82AF0065E338 /* ViewController.m */ = {isa = PBXFileReference; lastKnownFileType = sourcecode.c.objc; path = ViewController.m; sourceTree = "<group>"; };
		226001731BCF82AF0065E338 /* Base */ = {isa = PBXFileReference; lastKnownFileType = file.storyboard; name = Base; path = Base.lproj/Main.storyboard; sourceTree = "<group>"; };
		226001751BCF82AF0065E338 /* Assets.xcassets */ = {isa = PBXFileReference; lastKnownFileType = folder.assetcatalog; path = Assets.xcassets; sourceTree = "<group>"; };
		226001781BCF82AF0065E338 /* Base */ = {isa = PBXFileReference; lastKnownFileType = file.storyboard; name = Base; path = Base.lproj/LaunchScreen.storyboard; sourceTree = "<group>"; };
		2260017A1BCF82AF0065E338 /* Info.plist */ = {isa = PBXFileReference; lastKnownFileType = text.plist.xml; path = Info.plist; sourceTree = "<group>"; };
		2260017F1BCF82AF0065E338 /* MasonryDemoTests.xctest */ = {isa = PBXFileReference; explicitFileType = wrapper.cfbundle; includeInIndex = 0; path = MasonryDemoTests.xctest; sourceTree = BUILT_PRODUCTS_DIR; };
		226001831BCF82AF0065E338 /* MasonryDemoTests.m */ = {isa = PBXFileReference; lastKnownFileType = sourcecode.c.objc; path = MasonryDemoTests.m; sourceTree = "<group>"; };
		226001851BCF82AF0065E338 /* Info.plist */ = {isa = PBXFileReference; lastKnownFileType = text.plist.xml; path = Info.plist; sourceTree = "<group>"; };
		2260018A1BCF82AF0065E338 /* MasonryDemoUITests.xctest */ = {isa = PBXFileReference; explicitFileType = wrapper.cfbundle; includeInIndex = 0; path = MasonryDemoUITests.xctest; sourceTree = BUILT_PRODUCTS_DIR; };
		2260018E1BCF82AF0065E338 /* MasonryDemoUITests.m */ = {isa = PBXFileReference; lastKnownFileType = sourcecode.c.objc; path = MasonryDemoUITests.m; sourceTree = "<group>"; };
		226001901BCF82AF0065E338 /* Info.plist */ = {isa = PBXFileReference; lastKnownFileType = text.plist.xml; path = Info.plist; sourceTree = "<group>"; };
		2260019C1BCF96D10065E338 /* NextViewController.h */ = {isa = PBXFileReference; fileEncoding = 4; lastKnownFileType = sourcecode.c.h; path = NextViewController.h; sourceTree = "<group>"; };
		2260019D1BCF96D10065E338 /* NextViewController.m */ = {isa = PBXFileReference; fileEncoding = 4; lastKnownFileType = sourcecode.c.objc; path = NextViewController.m; sourceTree = "<group>"; };
		2260019F1BCFA5610065E338 /* AnotherNextViewController.h */ = {isa = PBXFileReference; fileEncoding = 4; lastKnownFileType = sourcecode.c.h; path = AnotherNextViewController.h; sourceTree = "<group>"; };
		226001A01BCFA5610065E338 /* AnotherNextViewController.m */ = {isa = PBXFileReference; fileEncoding = 4; lastKnownFileType = sourcecode.c.objc; path = AnotherNextViewController.m; sourceTree = "<group>"; };
		226001A51BCFAFBF0065E338 /* UIView+IsometricView.h */ = {isa = PBXFileReference; fileEncoding = 4; lastKnownFileType = sourcecode.c.h; path = "UIView+IsometricView.h"; sourceTree = "<group>"; };
		226001A61BCFAFBF0065E338 /* UIView+IsometricView.m */ = {isa = PBXFileReference; fileEncoding = 4; lastKnownFileType = sourcecode.c.objc; path = "UIView+IsometricView.m"; sourceTree = "<group>"; };
		A71A6313EAB3F84EE3F5EC3C /* Pods.release.xcconfig */ = {isa = PBXFileReference; includeInIndex = 1; lastKnownFileType = text.xcconfig; name = Pods.release.xcconfig; path = "Pods/Target Support Files/Pods/Pods.release.xcconfig"; sourceTree = "<group>"; };
		E78B4E91EEB58387AE3033BA /* libPods.a */ = {isa = PBXFileReference; explicitFileType = archive.ar; includeInIndex = 0; path = libPods.a; sourceTree = BUILT_PRODUCTS_DIR; };
/* End PBXFileReference section */

/* Begin PBXFrameworksBuildPhase section */
		226001631BCF82AF0065E338 /* Frameworks */ = {
			isa = PBXFrameworksBuildPhase;
			buildActionMask = 2147483647;
			files = (
				8FD954E427B1C29E12414DC3 /* libPods.a in Frameworks */,
			);
			runOnlyForDeploymentPostprocessing = 0;
		};
		2260017C1BCF82AF0065E338 /* Frameworks */ = {
			isa = PBXFrameworksBuildPhase;
			buildActionMask = 2147483647;
			files = (
			);
			runOnlyForDeploymentPostprocessing = 0;
		};
		226001871BCF82AF0065E338 /* Frameworks */ = {
			isa = PBXFrameworksBuildPhase;
			buildActionMask = 2147483647;
			files = (
			);
			runOnlyForDeploymentPostprocessing = 0;
		};
/* End PBXFrameworksBuildPhase section */

/* Begin PBXGroup section */
		2260015D1BCF82AF0065E338 = {
			isa = PBXGroup;
			children = (
				226001681BCF82AF0065E338 /* MasonryDemo */,
				226001821BCF82AF0065E338 /* MasonryDemoTests */,
				2260018D1BCF82AF0065E338 /* MasonryDemoUITests */,
				226001671BCF82AF0065E338 /* Products */,
				7E71960E30D08BD761D5F017 /* Pods */,
				7935B6A1FCD9F0CF36B067F1 /* Frameworks */,
			);
			sourceTree = "<group>";
		};
		226001671BCF82AF0065E338 /* Products */ = {
			isa = PBXGroup;
			children = (
				226001661BCF82AF0065E338 /* MasonryDemo.app */,
				2260017F1BCF82AF0065E338 /* MasonryDemoTests.xctest */,
				2260018A1BCF82AF0065E338 /* MasonryDemoUITests.xctest */,
			);
			name = Products;
			sourceTree = "<group>";
		};
		226001681BCF82AF0065E338 /* MasonryDemo */ = {
			isa = PBXGroup;
			children = (
				2260016C1BCF82AF0065E338 /* AppDelegate.h */,
				2260016D1BCF82AF0065E338 /* AppDelegate.m */,
				2260016F1BCF82AF0065E338 /* ViewController.h */,
				226001701BCF82AF0065E338 /* ViewController.m */,
				2260019C1BCF96D10065E338 /* NextViewController.h */,
				2260019D1BCF96D10065E338 /* NextViewController.m */,
				2260019F1BCFA5610065E338 /* AnotherNextViewController.h */,
				226001A01BCFA5610065E338 /* AnotherNextViewController.m */,
				226001A51BCFAFBF0065E338 /* UIView+IsometricView.h */,
				226001A61BCFAFBF0065E338 /* UIView+IsometricView.m */,
				226001721BCF82AF0065E338 /* Main.storyboard */,
				226001751BCF82AF0065E338 /* Assets.xcassets */,
				226001771BCF82AF0065E338 /* LaunchScreen.storyboard */,
				2260017A1BCF82AF0065E338 /* Info.plist */,
				226001691BCF82AF0065E338 /* Supporting Files */,
			);
			path = MasonryDemo;
			sourceTree = "<group>";
		};
		226001691BCF82AF0065E338 /* Supporting Files */ = {
			isa = PBXGroup;
			children = (
				2260016A1BCF82AF0065E338 /* main.m */,
			);
			name = "Supporting Files";
			sourceTree = "<group>";
		};
		226001821BCF82AF0065E338 /* MasonryDemoTests */ = {
			isa = PBXGroup;
			children = (
				226001831BCF82AF0065E338 /* MasonryDemoTests.m */,
				226001851BCF82AF0065E338 /* Info.plist */,
			);
			path = MasonryDemoTests;
			sourceTree = "<group>";
		};
		2260018D1BCF82AF0065E338 /* MasonryDemoUITests */ = {
			isa = PBXGroup;
			children = (
				2260018E1BCF82AF0065E338 /* MasonryDemoUITests.m */,
				226001901BCF82AF0065E338 /* Info.plist */,
			);
			path = MasonryDemoUITests;
			sourceTree = "<group>";
		};
		7935B6A1FCD9F0CF36B067F1 /* Frameworks */ = {
			isa = PBXGroup;
			children = (
				E78B4E91EEB58387AE3033BA /* libPods.a */,
			);
			name = Frameworks;
			sourceTree = "<group>";
		};
		7E71960E30D08BD761D5F017 /* Pods */ = {
			isa = PBXGroup;
			children = (
				12DD4FBE6F2FAE1099FA0639 /* Pods.debug.xcconfig */,
				A71A6313EAB3F84EE3F5EC3C /* Pods.release.xcconfig */,
			);
			name = Pods;
			sourceTree = "<group>";
		};
/* End PBXGroup section */

/* Begin PBXNativeTarget section */
		226001651BCF82AF0065E338 /* MasonryDemo */ = {
			isa = PBXNativeTarget;
			buildConfigurationList = 226001931BCF82AF0065E338 /* Build configuration list for PBXNativeTarget "MasonryDemo" */;
			buildPhases = (
				F7B5A7F08257C5C378B49E28 /* Check Pods Manifest.lock */,
				226001621BCF82AF0065E338 /* Sources */,
				226001631BCF82AF0065E338 /* Frameworks */,
				226001641BCF82AF0065E338 /* Resources */,
				8DA6FD0D1F9ED641550E5A3B /* Embed Pods Frameworks */,
				A0453DF44BC19BEC494FA90C /* Copy Pods Resources */,
			);
			buildRules = (
			);
			dependencies = (
			);
			name = MasonryDemo;
			productName = MasonryDemo;
			productReference = 226001661BCF82AF0065E338 /* MasonryDemo.app */;
			productType = "com.apple.product-type.application";
		};
		2260017E1BCF82AF0065E338 /* MasonryDemoTests */ = {
			isa = PBXNativeTarget;
			buildConfigurationList = 226001961BCF82AF0065E338 /* Build configuration list for PBXNativeTarget "MasonryDemoTests" */;
			buildPhases = (
				2260017B1BCF82AF0065E338 /* Sources */,
				2260017C1BCF82AF0065E338 /* Frameworks */,
				2260017D1BCF82AF0065E338 /* Resources */,
			);
			buildRules = (
			);
			dependencies = (
				226001811BCF82AF0065E338 /* PBXTargetDependency */,
			);
			name = MasonryDemoTests;
			productName = MasonryDemoTests;
			productReference = 2260017F1BCF82AF0065E338 /* MasonryDemoTests.xctest */;
			productType = "com.apple.product-type.bundle.unit-test";
		};
		226001891BCF82AF0065E338 /* MasonryDemoUITests */ = {
			isa = PBXNativeTarget;
			buildConfigurationList = 226001991BCF82AF0065E338 /* Build configuration list for PBXNativeTarget "MasonryDemoUITests" */;
			buildPhases = (
				226001861BCF82AF0065E338 /* Sources */,
				226001871BCF82AF0065E338 /* Frameworks */,
				226001881BCF82AF0065E338 /* Resources */,
			);
			buildRules = (
			);
			dependencies = (
				2260018C1BCF82AF0065E338 /* PBXTargetDependency */,
			);
			name = MasonryDemoUITests;
			productName = MasonryDemoUITests;
			productReference = 2260018A1BCF82AF0065E338 /* MasonryDemoUITests.xctest */;
			productType = "com.apple.product-type.bundle.ui-testing";
		};
/* End PBXNativeTarget section */

/* Begin PBXProject section */
		2260015E1BCF82AF0065E338 /* Project object */ = {
			isa = PBXProject;
			attributes = {
				LastUpgradeCheck = 0700;
				ORGANIZATIONNAME = MoboGenie;
				TargetAttributes = {
					226001651BCF82AF0065E338 = {
						CreatedOnToolsVersion = 7.0;
					};
					2260017E1BCF82AF0065E338 = {
						CreatedOnToolsVersion = 7.0;
						TestTargetID = 226001651BCF82AF0065E338;
					};
					226001891BCF82AF0065E338 = {
						CreatedOnToolsVersion = 7.0;
						TestTargetID = 226001651BCF82AF0065E338;
					};
				};
			};
			buildConfigurationList = 226001611BCF82AF0065E338 /* Build configuration list for PBXProject "MasonryDemo" */;
			compatibilityVersion = "Xcode 3.2";
			developmentRegion = English;
			hasScannedForEncodings = 0;
			knownRegions = (
				en,
				Base,
			);
			mainGroup = 2260015D1BCF82AF0065E338;
			productRefGroup = 226001671BCF82AF0065E338 /* Products */;
			projectDirPath = "";
			projectRoot = "";
			targets = (
				226001651BCF82AF0065E338 /* MasonryDemo */,
				2260017E1BCF82AF0065E338 /* MasonryDemoTests */,
				226001891BCF82AF0065E338 /* MasonryDemoUITests */,
			);
		};
/* End PBXProject section */

/* Begin PBXResourcesBuildPhase section */
		226001641BCF82AF0065E338 /* Resources */ = {
			isa = PBXResourcesBuildPhase;
			buildActionMask = 2147483647;
			files = (
				226001791BCF82AF0065E338 /* LaunchScreen.storyboard in Resources */,
				226001761BCF82AF0065E338 /* Assets.xcassets in Resources */,
				226001741BCF82AF0065E338 /* Main.storyboard in Resources */,
			);
			runOnlyForDeploymentPostprocessing = 0;
		};
		2260017D1BCF82AF0065E338 /* Resources */ = {
			isa = PBXResourcesBuildPhase;
			buildActionMask = 2147483647;
			files = (
			);
			runOnlyForDeploymentPostprocessing = 0;
		};
		226001881BCF82AF0065E338 /* Resources */ = {
			isa = PBXResourcesBuildPhase;
			buildActionMask = 2147483647;
			files = (
			);
			runOnlyForDeploymentPostprocessing = 0;
		};
/* End PBXResourcesBuildPhase section */

/* Begin PBXShellScriptBuildPhase section */
		8DA6FD0D1F9ED641550E5A3B /* Embed Pods Frameworks */ = {
			isa = PBXShellScriptBuildPhase;
			buildActionMask = 2147483647;
			files = (
			);
			inputPaths = (
			);
			name = "Embed Pods Frameworks";
			outputPaths = (
			);
			runOnlyForDeploymentPostprocessing = 0;
			shellPath = /bin/sh;
			shellScript = "\"${SRCROOT}/Pods/Target Support Files/Pods/Pods-frameworks.sh\"\n";
			showEnvVarsInLog = 0;
		};
		A0453DF44BC19BEC494FA90C /* Copy Pods Resources */ = {
			isa = PBXShellScriptBuildPhase;
			buildActionMask = 2147483647;
			files = (
			);
			inputPaths = (
			);
			name = "Copy Pods Resources";
			outputPaths = (
			);
			runOnlyForDeploymentPostprocessing = 0;
			shellPath = /bin/sh;
			shellScript = "\"${SRCROOT}/Pods/Target Support Files/Pods/Pods-resources.sh\"\n";
			showEnvVarsInLog = 0;
		};
		F7B5A7F08257C5C378B49E28 /* Check Pods Manifest.lock */ = {
			isa = PBXShellScriptBuildPhase;
			buildActionMask = 2147483647;
			files = (
			);
			inputPaths = (
			);
			name = "Check Pods Manifest.lock";
			outputPaths = (
			);
			runOnlyForDeploymentPostprocessing = 0;
			shellPath = /bin/sh;
			shellScript = "diff \"${PODS_ROOT}/../Podfile.lock\" \"${PODS_ROOT}/Manifest.lock\" > /dev/null\nif [[ $? != 0 ]] ; then\n    cat << EOM\nerror: The sandbox is not in sync with the Podfile.lock. Run 'pod install' or update your CocoaPods installation.\nEOM\n    exit 1\nfi\n";
			showEnvVarsInLog = 0;
		};
/* End PBXShellScriptBuildPhase section */

/* Begin PBXSourcesBuildPhase section */
		226001621BCF82AF0065E338 /* Sources */ = {
			isa = PBXSourcesBuildPhase;
			buildActionMask = 2147483647;
			files = (
				226001711BCF82AF0065E338 /* ViewController.m in Sources */,
				2260019E1BCF96D10065E338 /* NextViewController.m in Sources */,
				2260016E1BCF82AF0065E338 /* AppDelegate.m in Sources */,
				226001A71BCFAFBF0065E338 /* UIView+IsometricView.m in Sources */,
				2260016B1BCF82AF0065E338 /* main.m in Sources */,
				226001A11BCFA5610065E338 /* AnotherNextViewController.m in Sources */,
			);
			runOnlyForDeploymentPostprocessing = 0;
		};
		2260017B1BCF82AF0065E338 /* Sources */ = {
			isa = PBXSourcesBuildPhase;
			buildActionMask = 2147483647;
			files = (
				226001841BCF82AF0065E338 /* MasonryDemoTests.m in Sources */,
			);
			runOnlyForDeploymentPostprocessing = 0;
		};
		226001861BCF82AF0065E338 /* Sources */ = {
			isa = PBXSourcesBuildPhase;
			buildActionMask = 2147483647;
			files = (
				2260018F1BCF82AF0065E338 /* MasonryDemoUITests.m in Sources */,
			);
			runOnlyForDeploymentPostprocessing = 0;
		};
/* End PBXSourcesBuildPhase section */

/* Begin PBXTargetDependency section */
		226001811BCF82AF0065E338 /* PBXTargetDependency */ = {
			isa = PBXTargetDependency;
			target = 226001651BCF82AF0065E338 /* MasonryDemo */;
			targetProxy = 226001801BCF82AF0065E338 /* PBXContainerItemProxy */;
		};
		2260018C1BCF82AF0065E338 /* PBXTargetDependency */ = {
			isa = PBXTargetDependency;
			target = 226001651BCF82AF0065E338 /* MasonryDemo */;
			targetProxy = 2260018B1BCF82AF0065E338 /* PBXContainerItemProxy */;
		};
/* End PBXTargetDependency section */

/* Begin PBXVariantGroup section */
		226001721BCF82AF0065E338 /* Main.storyboard */ = {
			isa = PBXVariantGroup;
			children = (
				226001731BCF82AF0065E338 /* Base */,
			);
			name = Main.storyboard;
			sourceTree = "<group>";
		};
		226001771BCF82AF0065E338 /* LaunchScreen.storyboard */ = {
			isa = PBXVariantGroup;
			children = (
				226001781BCF82AF0065E338 /* Base */,
			);
			name = LaunchScreen.storyboard;
			sourceTree = "<group>";
		};
/* End PBXVariantGroup section */

/* Begin XCBuildConfiguration section */
		226001911BCF82AF0065E338 /* Debug */ = {
			isa = XCBuildConfiguration;
			buildSettings = {
				ALWAYS_SEARCH_USER_PATHS = NO;
				CLANG_CXX_LANGUAGE_STANDARD = "gnu++0x";
				CLANG_CXX_LIBRARY = "libc++";
				CLANG_ENABLE_MODULES = YES;
				CLANG_ENABLE_OBJC_ARC = YES;
				CLANG_WARN_BOOL_CONVERSION = YES;
				CLANG_WARN_CONSTANT_CONVERSION = YES;
				CLANG_WARN_DIRECT_OBJC_ISA_USAGE = YES_ERROR;
				CLANG_WARN_EMPTY_BODY = YES;
				CLANG_WARN_ENUM_CONVERSION = YES;
				CLANG_WARN_INT_CONVERSION = YES;
				CLANG_WARN_OBJC_ROOT_CLASS = YES_ERROR;
				CLANG_WARN_UNREACHABLE_CODE = YES;
				CLANG_WARN__DUPLICATE_METHOD_MATCH = YES;
				"CODE_SIGN_IDENTITY[sdk=iphoneos*]" = "iPhone Developer";
				COPY_PHASE_STRIP = NO;
				DEBUG_INFORMATION_FORMAT = dwarf;
				ENABLE_STRICT_OBJC_MSGSEND = YES;
				ENABLE_TESTABILITY = YES;
				GCC_C_LANGUAGE_STANDARD = gnu99;
				GCC_DYNAMIC_NO_PIC = NO;
				GCC_NO_COMMON_BLOCKS = YES;
				GCC_OPTIMIZATION_LEVEL = 0;
				GCC_PREPROCESSOR_DEFINITIONS = (
					"DEBUG=1",
					"$(inherited)",
				);
				GCC_WARN_64_TO_32_BIT_CONVERSION = YES;
				GCC_WARN_ABOUT_RETURN_TYPE = YES_ERROR;
				GCC_WARN_UNDECLARED_SELECTOR = YES;
				GCC_WARN_UNINITIALIZED_AUTOS = YES_AGGRESSIVE;
				GCC_WARN_UNUSED_FUNCTION = YES;
				GCC_WARN_UNUSED_VARIABLE = YES;
				IPHONEOS_DEPLOYMENT_TARGET = 9.0;
				MTL_ENABLE_DEBUG_INFO = YES;
				ONLY_ACTIVE_ARCH = YES;
				SDKROOT = iphoneos;
			};
			name = Debug;
		};
		226001921BCF82AF0065E338 /* Release */ = {
			isa = XCBuildConfiguration;
			buildSettings = {
				ALWAYS_SEARCH_USER_PATHS = NO;
				CLANG_CXX_LANGUAGE_STANDARD = "gnu++0x";
				CLANG_CXX_LIBRARY = "libc++";
				CLANG_ENABLE_MODULES = YES;
				CLANG_ENABLE_OBJC_ARC = YES;
				CLANG_WARN_BOOL_CONVERSION = YES;
				CLANG_WARN_CONSTANT_CONVERSION = YES;
				CLANG_WARN_DIRECT_OBJC_ISA_USAGE = YES_ERROR;
				CLANG_WARN_EMPTY_BODY = YES;
				CLANG_WARN_ENUM_CONVERSION = YES;
				CLANG_WARN_INT_CONVERSION = YES;
				CLANG_WARN_OBJC_ROOT_CLASS = YES_ERROR;
				CLANG_WARN_UNREACHABLE_CODE = YES;
				CLANG_WARN__DUPLICATE_METHOD_MATCH = YES;
				"CODE_SIGN_IDENTITY[sdk=iphoneos*]" = "iPhone Developer";
				COPY_PHASE_STRIP = NO;
				DEBUG_INFORMATION_FORMAT = "dwarf-with-dsym";
				ENABLE_NS_ASSERTIONS = NO;
				ENABLE_STRICT_OBJC_MSGSEND = YES;
				GCC_C_LANGUAGE_STANDARD = gnu99;
				GCC_NO_COMMON_BLOCKS = YES;
				GCC_WARN_64_TO_32_BIT_CONVERSION = YES;
				GCC_WARN_ABOUT_RETURN_TYPE = YES_ERROR;
				GCC_WARN_UNDECLARED_SELECTOR = YES;
				GCC_WARN_UNINITIALIZED_AUTOS = YES_AGGRESSIVE;
				GCC_WARN_UNUSED_FUNCTION = YES;
				GCC_WARN_UNUSED_VARIABLE = YES;
				IPHONEOS_DEPLOYMENT_TARGET = 9.0;
				MTL_ENABLE_DEBUG_INFO = NO;
				SDKROOT = iphoneos;
				VALIDATE_PRODUCT = YES;
			};
			name = Release;
		};
		226001941BCF82AF0065E338 /* Debug */ = {
			isa = XCBuildConfiguration;
			baseConfigurationReference = 12DD4FBE6F2FAE1099FA0639 /* Pods.debug.xcconfig */;
			buildSettings = {
				ASSETCATALOG_COMPILER_APPICON_NAME = AppIcon;
				INFOPLIST_FILE = MasonryDemo/Info.plist;
				IPHONEOS_DEPLOYMENT_TARGET = 8.0;
				LD_RUNPATH_SEARCH_PATHS = "$(inherited) @executable_path/Frameworks";
				PRODUCT_BUNDLE_IDENTIFIER = com.MoboGenie.MasonryDemo;
				PRODUCT_NAME = "$(TARGET_NAME)";
			};
			name = Debug;
		};
		226001951BCF82AF0065E338 /* Release */ = {
			isa = XCBuildConfiguration;
			baseConfigurationReference = A71A6313EAB3F84EE3F5EC3C /* Pods.release.xcconfig */;
			buildSettings = {
				ASSETCATALOG_COMPILER_APPICON_NAME = AppIcon;
				INFOPLIST_FILE = MasonryDemo/Info.plist;
				IPHONEOS_DEPLOYMENT_TARGET = 8.0;
				LD_RUNPATH_SEARCH_PATHS = "$(inherited) @executable_path/Frameworks";
				PRODUCT_BUNDLE_IDENTIFIER = com.MoboGenie.MasonryDemo;
				PRODUCT_NAME = "$(TARGET_NAME)";
			};
			name = Release;
		};
		226001971BCF82AF0065E338 /* Debug */ = {
			isa = XCBuildConfiguration;
			buildSettings = {
				BUNDLE_LOADER = "$(TEST_HOST)";
				INFOPLIST_FILE = MasonryDemoTests/Info.plist;
				LD_RUNPATH_SEARCH_PATHS = "$(inherited) @executable_path/Frameworks @loader_path/Frameworks";
				PRODUCT_BUNDLE_IDENTIFIER = com.MoboGenie.MasonryDemoTests;
				PRODUCT_NAME = "$(TARGET_NAME)";
				TEST_HOST = "$(BUILT_PRODUCTS_DIR)/MasonryDemo.app/MasonryDemo";
			};
			name = Debug;
		};
		226001981BCF82AF0065E338 /* Release */ = {
			isa = XCBuildConfiguration;
			buildSettings = {
				BUNDLE_LOADER = "$(TEST_HOST)";
				INFOPLIST_FILE = MasonryDemoTests/Info.plist;
				LD_RUNPATH_SEARCH_PATHS = "$(inherited) @executable_path/Frameworks @loader_path/Frameworks";
				PRODUCT_BUNDLE_IDENTIFIER = com.MoboGenie.MasonryDemoTests;
				PRODUCT_NAME = "$(TARGET_NAME)";
				TEST_HOST = "$(BUILT_PRODUCTS_DIR)/MasonryDemo.app/MasonryDemo";
			};
			name = Release;
		};
		2260019A1BCF82AF0065E338 /* Debug */ = {
			isa = XCBuildConfiguration;
			buildSettings = {
				INFOPLIST_FILE = MasonryDemoUITests/Info.plist;
				LD_RUNPATH_SEARCH_PATHS = "$(inherited) @executable_path/Frameworks @loader_path/Frameworks";
				PRODUCT_BUNDLE_IDENTIFIER = com.MoboGenie.MasonryDemoUITests;
				PRODUCT_NAME = "$(TARGET_NAME)";
				TEST_TARGET_NAME = MasonryDemo;
				USES_XCTRUNNER = YES;
			};
			name = Debug;
		};
		2260019B1BCF82AF0065E338 /* Release */ = {
			isa = XCBuildConfiguration;
			buildSettings = {
				INFOPLIST_FILE = MasonryDemoUITests/Info.plist;
				LD_RUNPATH_SEARCH_PATHS = "$(inherited) @executable_path/Frameworks @loader_path/Frameworks";
				PRODUCT_BUNDLE_IDENTIFIER = com.MoboGenie.MasonryDemoUITests;
				PRODUCT_NAME = "$(TARGET_NAME)";
				TEST_TARGET_NAME = MasonryDemo;
				USES_XCTRUNNER = YES;
			};
			name = Release;
		};
/* End XCBuildConfiguration section */

/* Begin XCConfigurationList section */
		226001611BCF82AF0065E338 /* Build configuration list for PBXProject "MasonryDemo" */ = {
			isa = XCConfigurationList;
			buildConfigurations = (
				226001911BCF82AF0065E338 /* Debug */,
				226001921BCF82AF0065E338 /* Release */,
			);
			defaultConfigurationIsVisible = 0;
			defaultConfigurationName = Release;
		};
		226001931BCF82AF0065E338 /* Build configuration list for PBXNativeTarget "MasonryDemo" */ = {
			isa = XCConfigurationList;
			buildConfigurations = (
				226001941BCF82AF0065E338 /* Debug */,
				226001951BCF82AF0065E338 /* Release */,
			);
			defaultConfigurationIsVisible = 0;
			defaultConfigurationName = Release;
		};
		226001961BCF82AF0065E338 /* Build configuration list for PBXNativeTarget "MasonryDemoTests" */ = {
			isa = XCConfigurationList;
			buildConfigurations = (
				226001971BCF82AF0065E338 /* Debug */,
				226001981BCF82AF0065E338 /* Release */,
			);
			defaultConfigurationIsVisible = 0;
			defaultConfigurationName = Release;
		};
		226001991BCF82AF0065E338 /* Build configuration list for PBXNativeTarget "MasonryDemoUITests" */ = {
			isa = XCConfigurationList;
			buildConfigurations = (
				2260019A1BCF82AF0065E338 /* Debug */,
				2260019B1BCF82AF0065E338 /* Release */,
			);
			defaultConfigurationIsVisible = 0;
			defaultConfigurationName = Release;
		};
/* End XCConfigurationList section */
	};
	rootObject = 2260015E1BCF82AF0065E338 /* Project object */;
}
